// !$*UTF8*$!
{
	archiveVersion = 1;
	classes = {
	};
	objectVersion = 50;
	objects = {

/* Begin PBXBuildFile section */
		B65C5E32242DFA1A00F49394 /* CrashTool.mm in Sources */ = {isa = PBXBuildFile; fileRef = B65C5E31242DFA1A00F49394 /* CrashTool.mm */; };
		B6D9DA6323CF45820087B769 /* AppDelegate.mm in Sources */ = {isa = PBXBuildFile; fileRef = B6D9DA6223CF45820087B769 /* AppDelegate.mm */; };
		B6D9DA6623CF45820087B769 /* SceneDelegate.m in Sources */ = {isa = PBXBuildFile; fileRef = B6D9DA6523CF45820087B769 /* SceneDelegate.m */; };
		B6D9DA6923CF45820087B769 /* ViewController.m in Sources */ = {isa = PBXBuildFile; fileRef = B6D9DA6823CF45820087B769 /* ViewController.m */; };
		B6D9DA6C23CF45820087B769 /* Main.storyboard in Resources */ = {isa = PBXBuildFile; fileRef = B6D9DA6A23CF45820087B769 /* Main.storyboard */; };
		B6D9DA6E23CF45830087B769 /* Assets.xcassets in Resources */ = {isa = PBXBuildFile; fileRef = B6D9DA6D23CF45830087B769 /* Assets.xcassets */; };
		B6D9DA7123CF45830087B769 /* LaunchScreen.storyboard in Resources */ = {isa = PBXBuildFile; fileRef = B6D9DA6F23CF45830087B769 /* LaunchScreen.storyboard */; };
		B6D9DA7423CF45830087B769 /* main.m in Sources */ = {isa = PBXBuildFile; fileRef = B6D9DA7323CF45830087B769 /* main.m */; };
/* End PBXBuildFile section */

/* Begin PBXFileReference section */
		B65C5E30242DFA1A00F49394 /* CrashTool.h */ = {isa = PBXFileReference; lastKnownFileType = sourcecode.c.h; path = CrashTool.h; sourceTree = "<group>"; };
		B65C5E31242DFA1A00F49394 /* CrashTool.mm */ = {isa = PBXFileReference; lastKnownFileType = sourcecode.cpp.objcpp; path = CrashTool.mm; sourceTree = "<group>"; };
		B6D9DA5E23CF45820087B769 /* WatchDogDEMO.app */ = {isa = PBXFileReference; explicitFileType = wrapper.application; includeInIndex = 0; path = WatchDogDEMO.app; sourceTree = BUILT_PRODUCTS_DIR; };
		B6D9DA6123CF45820087B769 /* AppDelegate.h */ = {isa = PBXFileReference; lastKnownFileType = sourcecode.c.h; path = AppDelegate.h; sourceTree = "<group>"; };
		B6D9DA6223CF45820087B769 /* AppDelegate.mm */ = {isa = PBXFileReference; lastKnownFileType = sourcecode.cpp.objcpp; path = AppDelegate.mm; sourceTree = "<group>"; };
		B6D9DA6423CF45820087B769 /* SceneDelegate.h */ = {isa = PBXFileReference; lastKnownFileType = sourcecode.c.h; path = SceneDelegate.h; sourceTree = "<group>"; };
		B6D9DA6523CF45820087B769 /* SceneDelegate.m */ = {isa = PBXFileReference; lastKnownFileType = sourcecode.c.objc; path = SceneDelegate.m; sourceTree = "<group>"; };
		B6D9DA6723CF45820087B769 /* ViewController.h */ = {isa = PBXFileReference; lastKnownFileType = sourcecode.c.h; path = ViewController.h; sourceTree = "<group>"; };
		B6D9DA6823CF45820087B769 /* ViewController.m */ = {isa = PBXFileReference; lastKnownFileType = sourcecode.c.objc; path = ViewController.m; sourceTree = "<group>"; };
		B6D9DA6B23CF45820087B769 /* Base */ = {isa = PBXFileReference; lastKnownFileType = file.storyboard; name = Base; path = Base.lproj/Main.storyboard; sourceTree = "<group>"; };
		B6D9DA6D23CF45830087B769 /* Assets.xcassets */ = {isa = PBXFileReference; lastKnownFileType = folder.assetcatalog; path = Assets.xcassets; sourceTree = "<group>"; };
		B6D9DA7023CF45830087B769 /* Base */ = {isa = PBXFileReference; lastKnownFileType = file.storyboard; name = Base; path = Base.lproj/LaunchScreen.storyboard; sourceTree = "<group>"; };
		B6D9DA7223CF45830087B769 /* Info.plist */ = {isa = PBXFileReference; lastKnownFileType = text.plist.xml; path = Info.plist; sourceTree = "<group>"; };
		B6D9DA7323CF45830087B769 /* main.m */ = {isa = PBXFileReference; lastKnownFileType = sourcecode.c.objc; path = main.m; sourceTree = "<group>"; };
/* End PBXFileReference section */

/* Begin PBXFrameworksBuildPhase section */
		B6D9DA5B23CF45820087B769 /* Frameworks */ = {
			isa = PBXFrameworksBuildPhase;
			buildActionMask = 2147483647;
			files = (
			);
			runOnlyForDeploymentPostprocessing = 0;
		};
/* End PBXFrameworksBuildPhase section */

/* Begin PBXGroup section */
		B6D9DA5523CF45820087B769 = {
			isa = PBXGroup;
			children = (
				B6D9DA6023CF45820087B769 /* WatchDogDEMO */,
				B6D9DA5F23CF45820087B769 /* Products */,
			);
			sourceTree = "<group>";
		};
		B6D9DA5F23CF45820087B769 /* Products */ = {
			isa = PBXGroup;
			children = (
				B6D9DA5E23CF45820087B769 /* WatchDogDEMO.app */,
			);
			name = Products;
			sourceTree = "<group>";
		};
		B6D9DA6023CF45820087B769 /* WatchDogDEMO */ = {
			isa = PBXGroup;
			children = (
				B6D9DA6123CF45820087B769 /* AppDelegate.h */,
				B6D9DA6223CF45820087B769 /* AppDelegate.mm */,
				B6D9DA6423CF45820087B769 /* SceneDelegate.h */,
				B6D9DA6523CF45820087B769 /* SceneDelegate.m */,
				B6D9DA6723CF45820087B769 /* ViewController.h */,
				B6D9DA6823CF45820087B769 /* ViewController.m */,
				B6D9DA6A23CF45820087B769 /* Main.storyboard */,
				B6D9DA6D23CF45830087B769 /* Assets.xcassets */,
				B6D9DA6F23CF45830087B769 /* LaunchScreen.storyboard */,
				B6D9DA7223CF45830087B769 /* Info.plist */,
				B6D9DA7323CF45830087B769 /* main.m */,
				B65C5E30242DFA1A00F49394 /* CrashTool.h */,
				B65C5E31242DFA1A00F49394 /* CrashTool.mm */,
			);
			path = WatchDogDEMO;
			sourceTree = "<group>";
		};
/* End PBXGroup section */

/* Begin PBXNativeTarget section */
		B6D9DA5D23CF45820087B769 /* WatchDogDEMO */ = {
			isa = PBXNativeTarget;
			buildConfigurationList = B6D9DA7723CF45830087B769 /* Build configuration list for PBXNativeTarget "WatchDogDEMO" */;
			buildPhases = (
				B6D9DA5A23CF45820087B769 /* Sources */,
				B6D9DA5B23CF45820087B769 /* Frameworks */,
				B6D9DA5C23CF45820087B769 /* Resources */,
			);
			buildRules = (
			);
			dependencies = (
			);
			name = WatchDogDEMO;
			productName = WatchDogDemo02;
			productReference = B6D9DA5E23CF45820087B769 /* WatchDogDEMO.app */;
			productType = "com.apple.product-type.application";
		};
/* End PBXNativeTarget section */

/* Begin PBXProject section */
		B6D9DA5623CF45820087B769 /* Project object */ = {
			isa = PBXProject;
			attributes = {
				LastUpgradeCheck = 1120;
				ORGANIZATIONNAME = "无头骑士 GJ";
				TargetAttributes = {
					B6D9DA5D23CF45820087B769 = {
						CreatedOnToolsVersion = 11.2.1;
					};
				};
			};
			buildConfigurationList = B6D9DA5923CF45820087B769 /* Build configuration list for PBXProject "WatchDogDEMO" */;
			compatibilityVersion = "Xcode 9.3";
			developmentRegion = en;
			hasScannedForEncodings = 0;
			knownRegions = (
				en,
				Base,
			);
			mainGroup = B6D9DA5523CF45820087B769;
			productRefGroup = B6D9DA5F23CF45820087B769 /* Products */;
			projectDirPath = "";
			projectRoot = "";
			targets = (
				B6D9DA5D23CF45820087B769 /* WatchDogDEMO */,
			);
		};
/* End PBXProject section */

/* Begin PBXResourcesBuildPhase section */
		B6D9DA5C23CF45820087B769 /* Resources */ = {
			isa = PBXResourcesBuildPhase;
			buildActionMask = 2147483647;
			files = (
				B6D9DA7123CF45830087B769 /* LaunchScreen.storyboard in Resources */,
				B6D9DA6E23CF45830087B769 /* Assets.xcassets in Resources */,
				B6D9DA6C23CF45820087B769 /* Main.storyboard in Resources */,
			);
			runOnlyForDeploymentPostprocessing = 0;
		};
/* End PBXResourcesBuildPhase section */

/* Begin PBXSourcesBuildPhase section */
		B6D9DA5A23CF45820087B769 /* Sources */ = {
			isa = PBXSourcesBuildPhase;
			buildActionMask = 2147483647;
			files = (
				B6D9DA6923CF45820087B769 /* ViewController.m in Sources */,
				B65C5E32242DFA1A00F49394 /* CrashTool.mm in Sources */,
				B6D9DA6323CF45820087B769 /* AppDelegate.mm in Sources */,
				B6D9DA7423CF45830087B769 /* main.m in Sources */,
				B6D9DA6623CF45820087B769 /* SceneDelegate.m in Sources */,
			);
			runOnlyForDeploymentPostprocessing = 0;
		};
/* End PBXSourcesBuildPhase section */

/* Begin PBXVariantGroup section */
		B6D9DA6A23CF45820087B769 /* Main.storyboard */ = {
			isa = PBXVariantGroup;
			children = (
				B6D9DA6B23CF45820087B769 /* Base */,
			);
			name = Main.storyboard;
			sourceTree = "<group>";
		};
		B6D9DA6F23CF45830087B769 /* LaunchScreen.storyboard */ = {
			isa = PBXVariantGroup;
			children = (
				B6D9DA7023CF45830087B769 /* Base */,
			);
			name = LaunchScreen.storyboard;
			sourceTree = "<group>";
		};
/* End PBXVariantGroup section */

/* Begin XCBuildConfiguration section */
		B6D9DA7523CF45830087B769 /* Debug */ = {
			isa = XCBuildConfiguration;
			buildSettings = {
				ALWAYS_SEARCH_USER_PATHS = NO;
				CLANG_ANALYZER_NONNULL = YES;
				CLANG_ANALYZER_NUMBER_OBJECT_CONVERSION = YES_AGGRESSIVE;
				CLANG_CXX_LANGUAGE_STANDARD = "gnu++14";
				CLANG_CXX_LIBRARY = "libc++";
				CLANG_ENABLE_MODULES = YES;
				CLANG_ENABLE_OBJC_ARC = YES;
				CLANG_ENABLE_OBJC_WEAK = YES;
				CLANG_WARN_BLOCK_CAPTURE_AUTORELEASING = YES;
				CLANG_WARN_BOOL_CONVERSION = YES;
				CLANG_WARN_COMMA = YES;
				CLANG_WARN_CONSTANT_CONVERSION = YES;
				CLANG_WARN_DEPRECATED_OBJC_IMPLEMENTATIONS = YES;
				CLANG_WARN_DIRECT_OBJC_ISA_USAGE = YES_ERROR;
				CLANG_WARN_DOCUMENTATION_COMMENTS = YES;
				CLANG_WARN_EMPTY_BODY = YES;
				CLANG_WARN_ENUM_CONVERSION = YES;
				CLANG_WARN_INFINITE_RECURSION = YES;
				CLANG_WARN_INT_CONVERSION = YES;
				CLANG_WARN_NON_LITERAL_NULL_CONVERSION = YES;
				CLANG_WARN_OBJC_IMPLICIT_RETAIN_SELF = YES;
				CLANG_WARN_OBJC_LITERAL_CONVERSION = YES;
				CLANG_WARN_OBJC_ROOT_CLASS = YES_ERROR;
				CLANG_WARN_RANGE_LOOP_ANALYSIS = YES;
				CLANG_WARN_STRICT_PROTOTYPES = YES;
				CLANG_WARN_SUSPICIOUS_MOVE = YES;
				CLANG_WARN_UNGUARDED_AVAILABILITY = YES_AGGRESSIVE;
				CLANG_WARN_UNREACHABLE_CODE = YES;
				CLANG_WARN__DUPLICATE_METHOD_MATCH = YES;
				COPY_PHASE_STRIP = NO;
				DEBUG_INFORMATION_FORMAT = dwarf;
				ENABLE_STRICT_OBJC_MSGSEND = YES;
				ENABLE_TESTABILITY = YES;
				GCC_C_LANGUAGE_STANDARD = gnu11;
				GCC_DYNAMIC_NO_PIC = NO;
				GCC_NO_COMMON_BLOCKS = YES;
				GCC_OPTIMIZATION_LEVEL = 0;
				GCC_PREPROCESSOR_DEFINITIONS = (
					"DEBUG=1",
					"$(inherited)",
				);
				GCC_WARN_64_TO_32_BIT_CONVERSION = YES;
				GCC_WARN_ABOUT_RETURN_TYPE = YES_ERROR;
				GCC_WARN_UNDECLARED_SELECTOR = YES;
				GCC_WARN_UNINITIALIZED_AUTOS = YES_AGGRESSIVE;
				GCC_WARN_UNUSED_FUNCTION = YES;
				GCC_WARN_UNUSED_VARIABLE = YES;
				IPHONEOS_DEPLOYMENT_TARGET = 13.2;
				MTL_ENABLE_DEBUG_INFO = INCLUDE_SOURCE;
				MTL_FAST_MATH = YES;
				ONLY_ACTIVE_ARCH = YES;
				SDKROOT = iphoneos;
			};
			name = Debug;
		};
		B6D9DA7623CF45830087B769 /* Release */ = {
			isa = XCBuildConfiguration;
			buildSettings = {
				ALWAYS_SEARCH_USER_PATHS = NO;
				CLANG_ANALYZER_NONNULL = YES;
				CLANG_ANALYZER_NUMBER_OBJECT_CONVERSION = YES_AGGRESSIVE;
				CLANG_CXX_LANGUAGE_STANDARD = "gnu++14";
				CLANG_CXX_LIBRARY = "libc++";
				CLANG_ENABLE_MODULES = YES;
				CLANG_ENABLE_OBJC_ARC = YES;
				CLANG_ENABLE_OBJC_WEAK = YES;
				CLANG_WARN_BLOCK_CAPTURE_AUTORELEASING = YES;
				CLANG_WARN_BOOL_CONVERSION = YES;
				CLANG_WARN_COMMA = YES;
				CLANG_WARN_CONSTANT_CONVERSION = YES;
				CLANG_WARN_DEPRECATED_OBJC_IMPLEMENTATIONS = YES;
				CLANG_WARN_DIRECT_OBJC_ISA_USAGE = YES_ERROR;
				CLANG_WARN_DOCUMENTATION_COMMENTS = YES;
				CLANG_WARN_EMPTY_BODY = YES;
				CLANG_WARN_ENUM_CONVERSION = YES;
				CLANG_WARN_INFINITE_RECURSION = YES;
				CLANG_WARN_INT_CONVERSION = YES;
				CLANG_WARN_NON_LITERAL_NULL_CONVERSION = YES;
				CLANG_WARN_OBJC_IMPLICIT_RETAIN_SELF = YES;
				CLANG_WARN_OBJC_LITERAL_CONVERSION = YES;
				CLANG_WARN_OBJC_ROOT_CLASS = YES_ERROR;
				CLANG_WARN_RANGE_LOOP_ANALYSIS = YES;
				CLANG_WARN_STRICT_PROTOTYPES = YES;
				CLANG_WARN_SUSPICIOUS_MOVE = YES;
				CLANG_WARN_UNGUARDED_AVAILABILITY = YES_AGGRESSIVE;
				CLANG_WARN_UNREACHABLE_CODE = YES;
				CLANG_WARN__DUPLICATE_METHOD_MATCH = YES;
				COPY_PHASE_STRIP = NO;
				DEBUG_INFORMATION_FORMAT = "dwarf-with-dsym";
				ENABLE_NS_ASSERTIONS = NO;
				ENABLE_STRICT_OBJC_MSGSEND = YES;
				GCC_C_LANGUAGE_STANDARD = gnu11;
				GCC_NO_COMMON_BLOCKS = YES;
				GCC_WARN_64_TO_32_BIT_CONVERSION = YES;
				GCC_WARN_ABOUT_RETURN_TYPE = YES_ERROR;
				GCC_WARN_UNDECLARED_SELECTOR = YES;
				GCC_WARN_UNINITIALIZED_AUTOS = YES_AGGRESSIVE;
				GCC_WARN_UNUSED_FUNCTION = YES;
				GCC_WARN_UNUSED_VARIABLE = YES;
				IPHONEOS_DEPLOYMENT_TARGET = 13.2;
				MTL_ENABLE_DEBUG_INFO = NO;
				MTL_FAST_MATH = YES;
				SDKROOT = iphoneos;
				VALIDATE_PRODUCT = YES;
			};
			name = Release;
		};
		B6D9DA7823CF45830087B769 /* Debug */ = {
			isa = XCBuildConfiguration;
			buildSettings = {
				ASSETCATALOG_COMPILER_APPICON_NAME = AppIcon;
				CODE_SIGN_STYLE = Automatic;
				DEVELOPMENT_TEAM = 384BYGYQSF;
				ENABLE_BITCODE = NO;
				INFOPLIST_FILE = WatchDogDEMO/Info.plist;
				LD_RUNPATH_SEARCH_PATHS = (
					"$(inherited)",
					"@executable_path/Frameworks",
				);
				LIBRARY_SEARCH_PATHS = (
					"$(inherited)",
					"$(PROJECT_DIR)/WatchDogDemo02",
				);
				PRODUCT_BUNDLE_IDENTIFIER = cn.misaka14.test1;
				PRODUCT_NAME = "$(TARGET_NAME)";
				TARGETED_DEVICE_FAMILY = "1,2";
			};
			name = Debug;
		};
		B6D9DA7923CF45830087B769 /* Release */ = {
			isa = XCBuildConfiguration;
			buildSettings = {
				ASSETCATALOG_COMPILER_APPICON_NAME = AppIcon;
				CODE_SIGN_STYLE = Automatic;
				DEVELOPMENT_TEAM = 384BYGYQSF;
				ENABLE_BITCODE = NO;
				INFOPLIST_FILE = WatchDogDEMO/Info.plist;
				LD_RUNPATH_SEARCH_PATHS = (
					"$(inherited)",
					"@executable_path/Frameworks",
				);
				LIBRARY_SEARCH_PATHS = (
					"$(inherited)",
					"$(PROJECT_DIR)/WatchDogDemo02",
				);
				PRODUCT_BUNDLE_IDENTIFIER = cn.misaka14.test1;
				PRODUCT_NAME = "$(TARGET_NAME)";
				TARGETED_DEVICE_FAMILY = "1,2";
			};
			name = Release;
		};
/* End XCBuildConfiguration section */

/* Begin XCConfigurationList section */
		B6D9DA5923CF45820087B769 /* Build configuration list for PBXProject "WatchDogDEMO" */ = {
			isa = XCConfigurationList;
			buildConfigurations = (
				B6D9DA7523CF45830087B769 /* Debug */,
				B6D9DA7623CF45830087B769 /* Release */,
			);
			defaultConfigurationIsVisible = 0;
			defaultConfigurationName = Release;
		};
		B6D9DA7723CF45830087B769 /* Build configuration list for PBXNativeTarget "WatchDogDEMO" */ = {
			isa = XCConfigurationList;
			buildConfigurations = (
				B6D9DA7823CF45830087B769 /* Debug */,
				B6D9DA7923CF45830087B769 /* Release */,
			);
			defaultConfigurationIsVisible = 0;
			defaultConfigurationName = Release;
		};
/* End XCConfigurationList section */
	};
	rootObject = B6D9DA5623CF45820087B769 /* Project object */;
}
